dependencies:
- name: external-secrets
  repository: https://charts.external-secrets.io
  version: 0.19.2
- name: gateway-helm
  repository: oci://docker.io/envoyproxy
  version: v1.5.4
- name: cert-manager
  repository: oci://quay.io/jetstack/charts
  version: v1.16.2
digest: sha256:74aa8abd7bc730b622f993bdb5ca410d63636942a2ccf7ed0d62a6baf5db79af
generated: "2025-11-12T00:25:06.147873+05:30"
