dependencies:
- name: argo-workflows
  repository: https://argoproj.github.io/argo-helm
  version: 0.45.2
- name: external-secrets
  repository: https://charts.external-secrets.io
  version: 0.19.2
digest: sha256:831de2895b599af7f27d375b4eb08b2122ee97b8f9a5ad7bbe6cc703b54b4bd1
generated: "2025-11-12T20:13:45.287685+05:30"
